
Microsoft Visual Studio Solution File, Format Version 12.00
# Visual Studio 15
VisualStudioVersion = 15.0.28307.852
MinimumVisualStudioVersion = 10.0.40219.1
Project("{FAE04EC0-301F-11D3-BF4B-00C04F79EFBC}") = "Seance2_exo2", "Seance2_exo2\Seance2_exo2.csproj", "{704F24DE-C48C-4A1E-9DA6-458DD2EE76AD}"
EndProject
Global
	GlobalSection(SolutionConfigurationPlatforms) = preSolution
		Debug|Any CPU = Debug|Any CPU
		Release|Any CPU = Release|Any CPU
	EndGlobalSection
	GlobalSection(ProjectConfigurationPlatforms) = postSolution
		{704F24DE-C48C-4A1E-9DA6-458DD2EE76AD}.Debug|Any CPU.ActiveCfg = Debug|Any CPU
		{704F24DE-C48C-4A1E-9DA6-458DD2EE76AD}.Debug|Any CPU.Build.0 = Debug|Any CPU
		{704F24DE-C48C-4A1E-9DA6-458DD2EE76AD}.Release|Any CPU.ActiveCfg = Release|Any CPU
		{704F24DE-C48C-4A1E-9DA6-458DD2EE76AD}.Release|Any CPU.Build.0 = Release|Any CPU
	EndGlobalSection
	GlobalSection(SolutionProperties) = preSolution
		HideSolutionNode = FALSE
	EndGlobalSection
	GlobalSection(ExtensibilityGlobals) = postSolution
		SolutionGuid = {2B128846-67BE-4B7B-BEAF-271DB19A1092}
	EndGlobalSection
EndGlobal
