
Microsoft Visual Studio Solution File, Format Version 12.00
# Visual Studio 15
VisualStudioVersion = 15.0.28307.852
MinimumVisualStudioVersion = 10.0.40219.1
Project("{FAE04EC0-301F-11D3-BF4B-00C04F79EFBC}") = "Tableau_entier", "Tableau_entier\Tableau_entier.csproj", "{F68B11EE-0A21-4A04-8901-1B428E92FD98}"
EndProject
Global
	GlobalSection(SolutionConfigurationPlatforms) = preSolution
		Debug|Any CPU = Debug|Any CPU
		Release|Any CPU = Release|Any CPU
	EndGlobalSection
	GlobalSection(ProjectConfigurationPlatforms) = postSolution
		{F68B11EE-0A21-4A04-8901-1B428E92FD98}.Debug|Any CPU.ActiveCfg = Debug|Any CPU
		{F68B11EE-0A21-4A04-8901-1B428E92FD98}.Debug|Any CPU.Build.0 = Debug|Any CPU
		{F68B11EE-0A21-4A04-8901-1B428E92FD98}.Release|Any CPU.ActiveCfg = Release|Any CPU
		{F68B11EE-0A21-4A04-8901-1B428E92FD98}.Release|Any CPU.Build.0 = Release|Any CPU
	EndGlobalSection
	GlobalSection(SolutionProperties) = preSolution
		HideSolutionNode = FALSE
	EndGlobalSection
	GlobalSection(ExtensibilityGlobals) = postSolution
		SolutionGuid = {FF21C1EC-15CC-4906-937A-0FF1DCD47E30}
	EndGlobalSection
EndGlobal
